<?xml version="1.0" encoding="utf-8"?>
<Project ToolsVersion="4.0" xmlns="http://schemas.microsoft.com/developer/msbuild/2003">
  <ItemGroup>
    <Filter Include="Source Files">
      <UniqueIdentifier>{4FC737F1-C7A5-4376-A066-2A32D752A2FF}</UniqueIdentifier>
      <Extensions>cpp;c;cc;cxx;def;odl;idl;hpj;bat;asm;asmx</Extensions>
    </Filter>
    <Filter Include="Header Files">
      <UniqueIdentifier>{93995380-89BD-4b04-88EB-625FBE52EBFB}</UniqueIdentifier>
      <Extensions>h;hh;hpp;hxx;hm;inl;inc;xsd</Extensions>
    </Filter>
    <Filter Include="Resource Files">
      <UniqueIdentifier>{67DA6AB6-F800-4c08-8B7A-83BB121AAD01}</UniqueIdentifier>
      <Extensions>rc;ico;cur;bmp;dlg;rc2;rct;bin;rgs;gif;jpg;jpeg;jpe;resx;tiff;tif;png;wav;mfcribbon-ms</Extensions>
    </Filter>
  </ItemGroup>
  <ItemGroup>
    <None Include="TeenySeq.ino" />
  </ItemGroup>
  <ItemGroup>
    <ClInclude Include="__vm\.TeenySeq.vsarduino.h">
      <Filter>Header Files</Filter>
    </ClInclude>
    <ClInclude Include="MidiEvent.h">
      <Filter>Header Files</Filter>
    </ClInclude>
    <ClInclude Include="MidiPattern.h">
      <Filter>Header Files</Filter>
    </ClInclude>
    <ClInclude Include="SequencerTrack.h">
      <Filter>Header Files</Filter>
    </ClInclude>
    <ClInclude Include="TeenySequencer.h">
      <Filter>Header Files</Filter>
    </ClInclude>
    <ClInclude Include="SortedLinkedList.h">
      <Filter>Header Files</Filter>
    </ClInclude>
    <ClInclude Include="MidiInterface.h">
      <Filter>Header Files</Filter>
    </ClInclude>
    <ClInclude Include="MidiInterfaceComparer.h">
      <Filter>Header Files</Filter>
    </ClInclude>
    <ClInclude Include="MidiInstrument.h">
      <Filter>Header Files</Filter>
    </ClInclude>
    <ClInclude Include="StringComparer.h">
      <Filter>Header Files</Filter>
    </ClInclude>
    <ClInclude Include="MainButtonMatrix.h">
      <Filter>Header Files</Filter>
    </ClInclude>
  </ItemGroup>
  <ItemGroup>
    <ClCompile Include="MidiEvent.cpp">
      <Filter>Source Files</Filter>
    </ClCompile>
    <ClCompile Include="MidiPattern.cpp">
      <Filter>Source Files</Filter>
    </ClCompile>
    <ClCompile Include="SequencerTrack.cpp">
      <Filter>Source Files</Filter>
    </ClCompile>
    <ClCompile Include="TeenySequencer.cpp">
      <Filter>Source Files</Filter>
    </ClCompile>
    <ClCompile Include="SortedLinkedList.cpp">
      <Filter>Source Files</Filter>
    </ClCompile>
    <ClCompile Include="MidiInterface.cpp">
      <Filter>Source Files</Filter>
    </ClCompile>
    <ClCompile Include="MidiInterfaceComparer.cpp">
      <Filter>Source Files</Filter>
    </ClCompile>
    <ClCompile Include="MidiInstrument.cpp">
      <Filter>Source Files</Filter>
    </ClCompile>
    <ClCompile Include="StringComparer.cpp">
      <Filter>Source Files</Filter>
    </ClCompile>
    <ClCompile Include="MainButtonMatrix.cpp">
      <Filter>Source Files</Filter>
    </ClCompile>
  </ItemGroup>
</Project>